
Microsoft Visual Studio Solution File, Format Version 12.00
# Visual Studio 2013
VisualStudioVersion = 12.0.31101.0
MinimumVisualStudioVersion = 10.0.40219.1
Project("{2150E333-8FDC-42A3-9474-1A3956D46DE8}") = "sweph-files", "sweph-files", "{6AAA32FC-89AC-4CCA-855F-676CADFF500C}"
	ProjectSection(SolutionItems) = preProject
		sweph-files\seas_00.se1 = sweph-files\seas_00.se1
		sweph-files\seas_06.se1 = sweph-files\seas_06.se1
		sweph-files\seas_102.se1 = sweph-files\seas_102.se1
		sweph-files\seas_108.se1 = sweph-files\seas_108.se1
		sweph-files\seas_114.se1 = sweph-files\seas_114.se1
		sweph-files\seas_12.se1 = sweph-files\seas_12.se1
		sweph-files\seas_120.se1 = sweph-files\seas_120.se1
		sweph-files\seas_126.se1 = sweph-files\seas_126.se1
		sweph-files\seas_132.se1 = sweph-files\seas_132.se1
		sweph-files\seas_138.se1 = sweph-files\seas_138.se1
		sweph-files\seas_144.se1 = sweph-files\seas_144.se1
		sweph-files\seas_150.se1 = sweph-files\seas_150.se1
		sweph-files\seas_156.se1 = sweph-files\seas_156.se1
		sweph-files\seas_162.se1 = sweph-files\seas_162.se1
		sweph-files\seas_18.se1 = sweph-files\seas_18.se1
		sweph-files\seas_24.se1 = sweph-files\seas_24.se1
		sweph-files\seas_30.se1 = sweph-files\seas_30.se1
		sweph-files\seas_36.se1 = sweph-files\seas_36.se1
		sweph-files\seas_42.se1 = sweph-files\seas_42.se1
		sweph-files\seas_48.se1 = sweph-files\seas_48.se1
		sweph-files\seas_54.se1 = sweph-files\seas_54.se1
		sweph-files\seas_60.se1 = sweph-files\seas_60.se1
		sweph-files\seas_66.se1 = sweph-files\seas_66.se1
		sweph-files\seas_72.se1 = sweph-files\seas_72.se1
		sweph-files\seas_78.se1 = sweph-files\seas_78.se1
		sweph-files\seas_84.se1 = sweph-files\seas_84.se1
		sweph-files\seas_90.se1 = sweph-files\seas_90.se1
		sweph-files\seas_96.se1 = sweph-files\seas_96.se1
		sweph-files\seasm06.se1 = sweph-files\seasm06.se1
		sweph-files\seasm102.se1 = sweph-files\seasm102.se1
		sweph-files\seasm108.se1 = sweph-files\seasm108.se1
		sweph-files\seasm114.se1 = sweph-files\seasm114.se1
		sweph-files\seasm12.se1 = sweph-files\seasm12.se1
		sweph-files\seasm120.se1 = sweph-files\seasm120.se1
		sweph-files\seasm126.se1 = sweph-files\seasm126.se1
		sweph-files\seasm132.se1 = sweph-files\seasm132.se1
		sweph-files\seasm18.se1 = sweph-files\seasm18.se1
		sweph-files\seasm24.se1 = sweph-files\seasm24.se1
		sweph-files\seasm30.se1 = sweph-files\seasm30.se1
		sweph-files\seasm36.se1 = sweph-files\seasm36.se1
		sweph-files\seasm42.se1 = sweph-files\seasm42.se1
		sweph-files\seasm48.se1 = sweph-files\seasm48.se1
		sweph-files\seasm54.se1 = sweph-files\seasm54.se1
		sweph-files\seasm60.se1 = sweph-files\seasm60.se1
		sweph-files\seasm66.se1 = sweph-files\seasm66.se1
		sweph-files\seasm72.se1 = sweph-files\seasm72.se1
		sweph-files\seasm78.se1 = sweph-files\seasm78.se1
		sweph-files\seasm84.se1 = sweph-files\seasm84.se1
		sweph-files\seasm90.se1 = sweph-files\seasm90.se1
		sweph-files\seasm96.se1 = sweph-files\seasm96.se1
		sweph-files\seasnam.txt = sweph-files\seasnam.txt
		sweph-files\seasnam2.txt = sweph-files\seasnam2.txt
		sweph-files\sefstars.txt = sweph-files\sefstars.txt
		sweph-files\semo_00.se1 = sweph-files\semo_00.se1
		sweph-files\semo_06.se1 = sweph-files\semo_06.se1
		sweph-files\semo_102.se1 = sweph-files\semo_102.se1
		sweph-files\semo_108.se1 = sweph-files\semo_108.se1
		sweph-files\semo_114.se1 = sweph-files\semo_114.se1
		sweph-files\semo_12.se1 = sweph-files\semo_12.se1
		sweph-files\semo_120.se1 = sweph-files\semo_120.se1
		sweph-files\semo_126.se1 = sweph-files\semo_126.se1
		sweph-files\semo_132.se1 = sweph-files\semo_132.se1
		sweph-files\semo_138.se1 = sweph-files\semo_138.se1
		sweph-files\semo_144.se1 = sweph-files\semo_144.se1
		sweph-files\semo_150.se1 = sweph-files\semo_150.se1
		sweph-files\semo_156.se1 = sweph-files\semo_156.se1
		sweph-files\semo_162.se1 = sweph-files\semo_162.se1
		sweph-files\semo_18.se1 = sweph-files\semo_18.se1
		sweph-files\semo_24.se1 = sweph-files\semo_24.se1
		sweph-files\semo_30.se1 = sweph-files\semo_30.se1
		sweph-files\semo_36.se1 = sweph-files\semo_36.se1
		sweph-files\semo_48.se1 = sweph-files\semo_48.se1
		sweph-files\semo_54.se1 = sweph-files\semo_54.se1
		sweph-files\semo_60.se1 = sweph-files\semo_60.se1
		sweph-files\semo_66.se1 = sweph-files\semo_66.se1
		sweph-files\semo_72.se1 = sweph-files\semo_72.se1
		sweph-files\semo_78.se1 = sweph-files\semo_78.se1
		sweph-files\semo_84.se1 = sweph-files\semo_84.se1
		sweph-files\semo_90.se1 = sweph-files\semo_90.se1
		sweph-files\semo_96.se1 = sweph-files\semo_96.se1
		sweph-files\semom06.se1 = sweph-files\semom06.se1
		sweph-files\semom102.se1 = sweph-files\semom102.se1
		sweph-files\semom108.se1 = sweph-files\semom108.se1
		sweph-files\semom114.se1 = sweph-files\semom114.se1
		sweph-files\semom12.se1 = sweph-files\semom12.se1
		sweph-files\semom120.se1 = sweph-files\semom120.se1
		sweph-files\semom126.se1 = sweph-files\semom126.se1
		sweph-files\semom132.se1 = sweph-files\semom132.se1
		sweph-files\semom18.se1 = sweph-files\semom18.se1
		sweph-files\semom24.se1 = sweph-files\semom24.se1
		sweph-files\semom30.se1 = sweph-files\semom30.se1
		sweph-files\semom36.se1 = sweph-files\semom36.se1
		sweph-files\semom42.se1 = sweph-files\semom42.se1
		sweph-files\semom48.se1 = sweph-files\semom48.se1
		sweph-files\semom54.se1 = sweph-files\semom54.se1
		sweph-files\semom60.se1 = sweph-files\semom60.se1
		sweph-files\semom66.se1 = sweph-files\semom66.se1
		sweph-files\semom72.se1 = sweph-files\semom72.se1
		sweph-files\semom78.se1 = sweph-files\semom78.se1
		sweph-files\semom84.se1 = sweph-files\semom84.se1
		sweph-files\semom90.se1 = sweph-files\semom90.se1
		sweph-files\semom96.se1 = sweph-files\semom96.se1
		sweph-files\seorbel.txt = sweph-files\seorbel.txt
		sweph-files\sepl.memo = sweph-files\sepl.memo
		sweph-files\sepl_00.se1 = sweph-files\sepl_00.se1
		sweph-files\sepl_06.se1 = sweph-files\sepl_06.se1
		sweph-files\sepl_102.se1 = sweph-files\sepl_102.se1
		sweph-files\sepl_108.se1 = sweph-files\sepl_108.se1
		sweph-files\sepl_114.se1 = sweph-files\sepl_114.se1
		sweph-files\sepl_12.se1 = sweph-files\sepl_12.se1
		sweph-files\sepl_120.se1 = sweph-files\sepl_120.se1
		sweph-files\sepl_126.se1 = sweph-files\sepl_126.se1
		sweph-files\sepl_132.se1 = sweph-files\sepl_132.se1
		sweph-files\sepl_138.se1 = sweph-files\sepl_138.se1
		sweph-files\sepl_144.se1 = sweph-files\sepl_144.se1
		sweph-files\sepl_150.se1 = sweph-files\sepl_150.se1
		sweph-files\sepl_156.se1 = sweph-files\sepl_156.se1
		sweph-files\sepl_162.se1 = sweph-files\sepl_162.se1
		sweph-files\sepl_18.se1 = sweph-files\sepl_18.se1
		sweph-files\sepl_24.se1 = sweph-files\sepl_24.se1
		sweph-files\sepl_30.se1 = sweph-files\sepl_30.se1
		sweph-files\sepl_36.se1 = sweph-files\sepl_36.se1
		sweph-files\sepl_42.se1 = sweph-files\sepl_42.se1
		sweph-files\sepl_48.se1 = sweph-files\sepl_48.se1
		sweph-files\sepl_54.se1 = sweph-files\sepl_54.se1
		sweph-files\sepl_60.se1 = sweph-files\sepl_60.se1
		sweph-files\sepl_66.se1 = sweph-files\sepl_66.se1
		sweph-files\sepl_72.se1 = sweph-files\sepl_72.se1
		sweph-files\sepl_78.se1 = sweph-files\sepl_78.se1
		sweph-files\sepl_84.se1 = sweph-files\sepl_84.se1
		sweph-files\sepl_90.se1 = sweph-files\sepl_90.se1
		sweph-files\sepl_96.se1 = sweph-files\sepl_96.se1
		sweph-files\seplm06.se1 = sweph-files\seplm06.se1
		sweph-files\seplm102.se1 = sweph-files\seplm102.se1
		sweph-files\seplm108.se1 = sweph-files\seplm108.se1
		sweph-files\seplm114.se1 = sweph-files\seplm114.se1
		sweph-files\seplm12.se1 = sweph-files\seplm12.se1
		sweph-files\seplm120.se1 = sweph-files\seplm120.se1
		sweph-files\seplm126.se1 = sweph-files\seplm126.se1
		sweph-files\seplm132.se1 = sweph-files\seplm132.se1
		sweph-files\seplm18.se1 = sweph-files\seplm18.se1
		sweph-files\seplm24.se1 = sweph-files\seplm24.se1
		sweph-files\seplm30.se1 = sweph-files\seplm30.se1
		sweph-files\seplm36.se1 = sweph-files\seplm36.se1
		sweph-files\seplm42.se1 = sweph-files\seplm42.se1
		sweph-files\seplm48.se1 = sweph-files\seplm48.se1
		sweph-files\seplm54.se1 = sweph-files\seplm54.se1
		sweph-files\seplm60.se1 = sweph-files\seplm60.se1
		sweph-files\seplm66.se1 = sweph-files\seplm66.se1
		sweph-files\seplm72.se1 = sweph-files\seplm72.se1
		sweph-files\seplm78.se1 = sweph-files\seplm78.se1
		sweph-files\seplm84.se1 = sweph-files\seplm84.se1
		sweph-files\seplm90.se1 = sweph-files\seplm90.se1
		sweph-files\seplm96.se1 = sweph-files\seplm96.se1
		sweph-files\sweph.zip = sweph-files\sweph.zip
	EndProjectSection
EndProject
Project("{F2A71F9B-5D33-465A-A702-920D77279786}") = "Toolbelt", "Toolbelt\Toolbelt.fsproj", "{91A3FE13-8B6F-4973-85C0-46A67E9AE1E0}"
EndProject
Project("{F2A71F9B-5D33-465A-A702-920D77279786}") = "Asterisk", "Asterisk\Asterisk.fsproj", "{4E298536-37EA-4319-B6BD-BE2C72CF5A55}"
EndProject
Project("{FAE04EC0-301F-11D3-BF4B-00C04F79EFBC}") = "Sweph.Constants", "Sweph.Constants\Sweph.Constants.csproj", "{8A05E62D-7701-4B90-88DC-973A3DE5D2F7}"
EndProject
Project("{2150E333-8FDC-42A3-9474-1A3956D46DE8}") = "Any-CPU", "Any-CPU", "{13573EB3-480E-4543-A556-67BDEAC33555}"
EndProject
Project("{FAE04EC0-301F-11D3-BF4B-00C04F79EFBC}") = "Sweph", "Sweph\Sweph.csproj", "{EA96DE30-608F-43A8-B8C2-8549086F1A68}"
EndProject
Project("{2150E333-8FDC-42A3-9474-1A3956D46DE8}") = "Arc-x86", "Arc-x86", "{99C766B4-3FD0-470B-ABDC-1391DC2B66AB}"
EndProject
Project("{F2A71F9B-5D33-465A-A702-920D77279786}") = "Factory", "Factory\Factory.fsproj", "{459800B5-807C-4EDE-8A54-F434B90C041B}"
EndProject
Project("{F2A71F9B-5D33-465A-A702-920D77279786}") = "Swef", "Swef\Swef.fsproj", "{7A400F2C-9C04-43A9-A2F9-36C9CBFA6588}"
EndProject
Project("{F2A71F9B-5D33-465A-A702-920D77279786}") = "Lab", "Lab\Lab.fsproj", "{F2C4F6D4-C98F-4F13-8649-C32A0D97D34C}"
EndProject
Project("{2150E333-8FDC-42A3-9474-1A3956D46DE8}") = "Arc-x64", "Arc-x64", "{3D201DBF-891A-4CA2-B8CF-8D6BEB2C2E6B}"
EndProject
Project("{F2A71F9B-5D33-465A-A702-920D77279786}") = "ReflectGo", "ReflectGo\ReflectGo.fsproj", "{CEB2073B-A6F7-4324-A4F9-1A8270D45324}"
EndProject
Global
	GlobalSection(SolutionConfigurationPlatforms) = preSolution
		Debug|Any CPU = Debug|Any CPU
		Release|Any CPU = Release|Any CPU
	EndGlobalSection
	GlobalSection(ProjectConfigurationPlatforms) = postSolution
		{91A3FE13-8B6F-4973-85C0-46A67E9AE1E0}.Debug|Any CPU.ActiveCfg = Debug|Any CPU
		{91A3FE13-8B6F-4973-85C0-46A67E9AE1E0}.Debug|Any CPU.Build.0 = Debug|Any CPU
		{91A3FE13-8B6F-4973-85C0-46A67E9AE1E0}.Release|Any CPU.ActiveCfg = Release|Any CPU
		{91A3FE13-8B6F-4973-85C0-46A67E9AE1E0}.Release|Any CPU.Build.0 = Release|Any CPU
		{4E298536-37EA-4319-B6BD-BE2C72CF5A55}.Debug|Any CPU.ActiveCfg = Debug|Any CPU
		{4E298536-37EA-4319-B6BD-BE2C72CF5A55}.Debug|Any CPU.Build.0 = Debug|Any CPU
		{4E298536-37EA-4319-B6BD-BE2C72CF5A55}.Release|Any CPU.ActiveCfg = Release|Any CPU
		{4E298536-37EA-4319-B6BD-BE2C72CF5A55}.Release|Any CPU.Build.0 = Release|Any CPU
		{8A05E62D-7701-4B90-88DC-973A3DE5D2F7}.Debug|Any CPU.ActiveCfg = Debug|Any CPU
		{8A05E62D-7701-4B90-88DC-973A3DE5D2F7}.Debug|Any CPU.Build.0 = Debug|Any CPU
		{8A05E62D-7701-4B90-88DC-973A3DE5D2F7}.Release|Any CPU.ActiveCfg = Release|Any CPU
		{8A05E62D-7701-4B90-88DC-973A3DE5D2F7}.Release|Any CPU.Build.0 = Release|Any CPU
		{EA96DE30-608F-43A8-B8C2-8549086F1A68}.Debug|Any CPU.ActiveCfg = Debug|Any CPU
		{EA96DE30-608F-43A8-B8C2-8549086F1A68}.Debug|Any CPU.Build.0 = Debug|Any CPU
		{EA96DE30-608F-43A8-B8C2-8549086F1A68}.Release|Any CPU.ActiveCfg = Release|Any CPU
		{EA96DE30-608F-43A8-B8C2-8549086F1A68}.Release|Any CPU.Build.0 = Release|Any CPU
		{459800B5-807C-4EDE-8A54-F434B90C041B}.Debug|Any CPU.ActiveCfg = Debug|Any CPU
		{459800B5-807C-4EDE-8A54-F434B90C041B}.Debug|Any CPU.Build.0 = Debug|Any CPU
		{459800B5-807C-4EDE-8A54-F434B90C041B}.Release|Any CPU.ActiveCfg = Release|Any CPU
		{459800B5-807C-4EDE-8A54-F434B90C041B}.Release|Any CPU.Build.0 = Release|Any CPU
		{7A400F2C-9C04-43A9-A2F9-36C9CBFA6588}.Debug|Any CPU.ActiveCfg = Debug|Any CPU
		{7A400F2C-9C04-43A9-A2F9-36C9CBFA6588}.Debug|Any CPU.Build.0 = Debug|Any CPU
		{7A400F2C-9C04-43A9-A2F9-36C9CBFA6588}.Release|Any CPU.ActiveCfg = Release|Any CPU
		{7A400F2C-9C04-43A9-A2F9-36C9CBFA6588}.Release|Any CPU.Build.0 = Release|Any CPU
		{F2C4F6D4-C98F-4F13-8649-C32A0D97D34C}.Debug|Any CPU.ActiveCfg = Debug|Any CPU
		{F2C4F6D4-C98F-4F13-8649-C32A0D97D34C}.Debug|Any CPU.Build.0 = Debug|Any CPU
		{F2C4F6D4-C98F-4F13-8649-C32A0D97D34C}.Release|Any CPU.ActiveCfg = Release|Any CPU
		{F2C4F6D4-C98F-4F13-8649-C32A0D97D34C}.Release|Any CPU.Build.0 = Release|Any CPU
		{CEB2073B-A6F7-4324-A4F9-1A8270D45324}.Debug|Any CPU.ActiveCfg = Debug|Any CPU
		{CEB2073B-A6F7-4324-A4F9-1A8270D45324}.Debug|Any CPU.Build.0 = Debug|Any CPU
		{CEB2073B-A6F7-4324-A4F9-1A8270D45324}.Release|Any CPU.ActiveCfg = Release|Any CPU
		{CEB2073B-A6F7-4324-A4F9-1A8270D45324}.Release|Any CPU.Build.0 = Release|Any CPU
	EndGlobalSection
	GlobalSection(SolutionProperties) = preSolution
		HideSolutionNode = FALSE
	EndGlobalSection
	GlobalSection(NestedProjects) = preSolution
		{91A3FE13-8B6F-4973-85C0-46A67E9AE1E0} = {13573EB3-480E-4543-A556-67BDEAC33555}
		{4E298536-37EA-4319-B6BD-BE2C72CF5A55} = {99C766B4-3FD0-470B-ABDC-1391DC2B66AB}
		{8A05E62D-7701-4B90-88DC-973A3DE5D2F7} = {13573EB3-480E-4543-A556-67BDEAC33555}
		{EA96DE30-608F-43A8-B8C2-8549086F1A68} = {99C766B4-3FD0-470B-ABDC-1391DC2B66AB}
		{459800B5-807C-4EDE-8A54-F434B90C041B} = {13573EB3-480E-4543-A556-67BDEAC33555}
		{7A400F2C-9C04-43A9-A2F9-36C9CBFA6588} = {99C766B4-3FD0-470B-ABDC-1391DC2B66AB}
		{F2C4F6D4-C98F-4F13-8649-C32A0D97D34C} = {3D201DBF-891A-4CA2-B8CF-8D6BEB2C2E6B}
		{CEB2073B-A6F7-4324-A4F9-1A8270D45324} = {99C766B4-3FD0-470B-ABDC-1391DC2B66AB}
	EndGlobalSection
EndGlobal
